
Microsoft Visual Studio Solution File, Format Version 12.00
# Visual Studio Version 17
VisualStudioVersion = 17.9.34723.18
MinimumVisualStudioVersion = 10.0.40219.1
Project("{FAE04EC0-301F-11D3-BF4B-00C04F79EFBC}") = "GI.GestorInventarios.API", "GI.GestorInventarios.API\GI.GestorInventarios.API.csproj", "{77B417E2-E6BB-4918-AC4B-1990AE89678F}"
EndProject
Project("{FAE04EC0-301F-11D3-BF4B-00C04F79EFBC}") = "GI.GestorInventarios.Model", "GI.GestorInventarios.Model\GI.GestorInventarios.Model.csproj", "{269DFACA-067F-44CC-9AB3-5FD27FA251C7}"
EndProject
Global
	GlobalSection(SolutionConfigurationPlatforms) = preSolution
		Debug|Any CPU = Debug|Any CPU
		Release|Any CPU = Release|Any CPU
	EndGlobalSection
	GlobalSection(ProjectConfigurationPlatforms) = postSolution
		{77B417E2-E6BB-4918-AC4B-1990AE89678F}.Debug|Any CPU.ActiveCfg = Debug|Any CPU
		{77B417E2-E6BB-4918-AC4B-1990AE89678F}.Debug|Any CPU.Build.0 = Debug|Any CPU
		{77B417E2-E6BB-4918-AC4B-1990AE89678F}.Release|Any CPU.ActiveCfg = Release|Any CPU
		{77B417E2-E6BB-4918-AC4B-1990AE89678F}.Release|Any CPU.Build.0 = Release|Any CPU
		{269DFACA-067F-44CC-9AB3-5FD27FA251C7}.Debug|Any CPU.ActiveCfg = Debug|Any CPU
		{269DFACA-067F-44CC-9AB3-5FD27FA251C7}.Debug|Any CPU.Build.0 = Debug|Any CPU
		{269DFACA-067F-44CC-9AB3-5FD27FA251C7}.Release|Any CPU.ActiveCfg = Release|Any CPU
		{269DFACA-067F-44CC-9AB3-5FD27FA251C7}.Release|Any CPU.Build.0 = Release|Any CPU
	EndGlobalSection
	GlobalSection(SolutionProperties) = preSolution
		HideSolutionNode = FALSE
	EndGlobalSection
	GlobalSection(ExtensibilityGlobals) = postSolution
		SolutionGuid = {917BD21B-C277-4525-81B3-F7B11996B084}
	EndGlobalSection
EndGlobal
